
Microsoft Visual Studio Solution File, Format Version 12.00
# Visual Studio 15
VisualStudioVersion = 15.0.28010.2050
MinimumVisualStudioVersion = 10.0.40219.1
Project("{FAE04EC0-301F-11D3-BF4B-00C04F79EFBC}") = "AtomixEditor", "AtomixEditor\AtomixEditor.csproj", "{90DED0AB-81E0-4BF0-BC52-A599FBD99538}"
EndProject
Global
	GlobalSection(SolutionConfigurationPlatforms) = preSolution
		Debug|Any CPU = Debug|Any CPU
		Release|Any CPU = Release|Any CPU
	EndGlobalSection
	GlobalSection(ProjectConfigurationPlatforms) = postSolution
		{90DED0AB-81E0-4BF0-BC52-A599FBD99538}.Debug|Any CPU.ActiveCfg = Debug|Any CPU
		{90DED0AB-81E0-4BF0-BC52-A599FBD99538}.Debug|Any CPU.Build.0 = Debug|Any CPU
		{90DED0AB-81E0-4BF0-BC52-A599FBD99538}.Release|Any CPU.ActiveCfg = Release|Any CPU
		{90DED0AB-81E0-4BF0-BC52-A599FBD99538}.Release|Any CPU.Build.0 = Release|Any CPU
	EndGlobalSection
	GlobalSection(SolutionProperties) = preSolution
		HideSolutionNode = FALSE
	EndGlobalSection
	GlobalSection(ExtensibilityGlobals) = postSolution
		SolutionGuid = {99901462-4528-49D0-87D6-D80E225F6822}
	EndGlobalSection
EndGlobal
